
Microsoft Visual Studio Solution File, Format Version 12.00
# Visual Studio Version 17
VisualStudioVersion = 17.2.32630.192
MinimumVisualStudioVersion = 10.0.40219.1
Project("{FAE04EC0-301F-11D3-BF4B-00C04F79EFBC}") = "MoviesAPI", "MoviesAPI\MoviesAPI.csproj", "{F22AD4D1-04FA-480C-9579-34E58DAC7ADD}"
EndProject
Global
	GlobalSection(SolutionConfigurationPlatforms) = preSolution
		Debug|Any CPU = Debug|Any CPU
		Release|Any CPU = Release|Any CPU
	EndGlobalSection
	GlobalSection(ProjectConfigurationPlatforms) = postSolution
		{F22AD4D1-04FA-480C-9579-34E58DAC7ADD}.Debug|Any CPU.ActiveCfg = Debug|Any CPU
		{F22AD4D1-04FA-480C-9579-34E58DAC7ADD}.Debug|Any CPU.Build.0 = Debug|Any CPU
		{F22AD4D1-04FA-480C-9579-34E58DAC7ADD}.Release|Any CPU.ActiveCfg = Release|Any CPU
		{F22AD4D1-04FA-480C-9579-34E58DAC7ADD}.Release|Any CPU.Build.0 = Release|Any CPU
	EndGlobalSection
	GlobalSection(SolutionProperties) = preSolution
		HideSolutionNode = FALSE
	EndGlobalSection
	GlobalSection(ExtensibilityGlobals) = postSolution
		SolutionGuid = {23AE51A5-57D0-4055-BE40-4E1222A7BEC2}
	EndGlobalSection
EndGlobal
